// !$*UTF8*$!
{
	archiveVersion = 1;
	classes = {
	};
	objectVersion = 46;
	objects = {

/* Begin PBXBuildFile section */
		CD025ABF1EB8D3A600EECC23 /* AppDelegate.swift in Sources */ = {isa = PBXBuildFile; fileRef = CD025ABE1EB8D3A600EECC23 /* AppDelegate.swift */; };
		CD025AC11EB8D3A600EECC23 /* ViewController.swift in Sources */ = {isa = PBXBuildFile; fileRef = CD025AC01EB8D3A600EECC23 /* ViewController.swift */; };
		CD025AC41EB8D3A600EECC23 /* Main.storyboard in Resources */ = {isa = PBXBuildFile; fileRef = CD025AC21EB8D3A600EECC23 /* Main.storyboard */; };
		CD025AC61EB8D3A600EECC23 /* Assets.xcassets in Resources */ = {isa = PBXBuildFile; fileRef = CD025AC51EB8D3A600EECC23 /* Assets.xcassets */; };
		CD025AC91EB8D3A600EECC23 /* LaunchScreen.storyboard in Resources */ = {isa = PBXBuildFile; fileRef = CD025AC71EB8D3A600EECC23 /* LaunchScreen.storyboard */; };
/* End PBXBuildFile section */

/* Begin PBXFileReference section */
		CD025ABB1EB8D3A600EECC23 /* YoutubeClone.app */ = {isa = PBXFileReference; explicitFileType = wrapper.application; includeInIndex = 0; path = YoutubeClone.app; sourceTree = BUILT_PRODUCTS_DIR; };
		CD025ABE1EB8D3A600EECC23 /* AppDelegate.swift */ = {isa = PBXFileReference; lastKnownFileType = sourcecode.swift; path = AppDelegate.swift; sourceTree = "<group>"; };
		CD025AC01EB8D3A600EECC23 /* ViewController.swift */ = {isa = PBXFileReference; lastKnownFileType = sourcecode.swift; path = ViewController.swift; sourceTree = "<group>"; };
		CD025AC31EB8D3A600EECC23 /* Base */ = {isa = PBXFileReference; lastKnownFileType = file.storyboard; name = Base; path = Base.lproj/Main.storyboard; sourceTree = "<group>"; };
		CD025AC51EB8D3A600EECC23 /* Assets.xcassets */ = {isa = PBXFileReference; lastKnownFileType = folder.assetcatalog; path = Assets.xcassets; sourceTree = "<group>"; };
		CD025AC81EB8D3A600EECC23 /* Base */ = {isa = PBXFileReference; lastKnownFileType = file.storyboard; name = Base; path = Base.lproj/LaunchScreen.storyboard; sourceTree = "<group>"; };
		CD025ACA1EB8D3A600EECC23 /* Info.plist */ = {isa = PBXFileReference; lastKnownFileType = text.plist.xml; path = Info.plist; sourceTree = "<group>"; };
/* End PBXFileReference section */

/* Begin PBXFrameworksBuildPhase section */
		CD025AB81EB8D3A600EECC23 /* Frameworks */ = {
			isa = PBXFrameworksBuildPhase;
			buildActionMask = 2147483647;
			files = (
			);
			runOnlyForDeploymentPostprocessing = 0;
		};
/* End PBXFrameworksBuildPhase section */

/* Begin PBXGroup section */
		CD025AB21EB8D3A600EECC23 = {
			isa = PBXGroup;
			children = (
				CD025ABD1EB8D3A600EECC23 /* YoutubeClone */,
				CD025ABC1EB8D3A600EECC23 /* Products */,
			);
			sourceTree = "<group>";
		};
		CD025ABC1EB8D3A600EECC23 /* Products */ = {
			isa = PBXGroup;
			children = (
				CD025ABB1EB8D3A600EECC23 /* YoutubeClone.app */,
			);
			name = Products;
			sourceTree = "<group>";
		};
		CD025ABD1EB8D3A600EECC23 /* YoutubeClone */ = {
			isa = PBXGroup;
			children = (
				CD025ABE1EB8D3A600EECC23 /* AppDelegate.swift */,
				CD025AC01EB8D3A600EECC23 /* ViewController.swift */,
				CD025AC21EB8D3A600EECC23 /* Main.storyboard */,
				CD025AC51EB8D3A600EECC23 /* Assets.xcassets */,
				CD025AC71EB8D3A600EECC23 /* LaunchScreen.storyboard */,
				CD025ACA1EB8D3A600EECC23 /* Info.plist */,
			);
			path = YoutubeClone;
			sourceTree = "<group>";
		};
/* End PBXGroup section */

/* Begin PBXNativeTarget section */
		CD025ABA1EB8D3A600EECC23 /* YoutubeClone */ = {
			isa = PBXNativeTarget;
			buildConfigurationList = CD025ACD1EB8D3A600EECC23 /* Build configuration list for PBXNativeTarget "YoutubeClone" */;
			buildPhases = (
				CD025AB71EB8D3A600EECC23 /* Sources */,
				CD025AB81EB8D3A600EECC23 /* Frameworks */,
				CD025AB91EB8D3A600EECC23 /* Resources */,
			);
			buildRules = (
			);
			dependencies = (
			);
			name = YoutubeClone;
			productName = YoutubeClone;
			productReference = CD025ABB1EB8D3A600EECC23 /* YoutubeClone.app */;
			productType = "com.apple.product-type.application";
		};
/* End PBXNativeTarget section */

/* Begin PBXProject section */
		CD025AB31EB8D3A600EECC23 /* Project object */ = {
			isa = PBXProject;
			attributes = {
				LastSwiftUpdateCheck = 0830;
				LastUpgradeCheck = 0830;
				ORGANIZATIONNAME = "Pranav gupta";
				TargetAttributes = {
					CD025ABA1EB8D3A600EECC23 = {
						CreatedOnToolsVersion = 8.3;
						DevelopmentTeam = CA27EBDQ94;
						ProvisioningStyle = Automatic;
					};
				};
			};
			buildConfigurationList = CD025AB61EB8D3A600EECC23 /* Build configuration list for PBXProject "YoutubeClone" */;
			compatibilityVersion = "Xcode 3.2";
			developmentRegion = English;
			hasScannedForEncodings = 0;
			knownRegions = (
				en,
				Base,
			);
			mainGroup = CD025AB21EB8D3A600EECC23;
			productRefGroup = CD025ABC1EB8D3A600EECC23 /* Products */;
			projectDirPath = "";
			projectRoot = "";
			targets = (
				CD025ABA1EB8D3A600EECC23 /* YoutubeClone */,
			);
		};
/* End PBXProject section */

/* Begin PBXResourcesBuildPhase section */
		CD025AB91EB8D3A600EECC23 /* Resources */ = {
			isa = PBXResourcesBuildPhase;
			buildActionMask = 2147483647;
			files = (
				CD025AC91EB8D3A600EECC23 /* LaunchScreen.storyboard in Resources */,
				CD025AC61EB8D3A600EECC23 /* Assets.xcassets in Resources */,
				CD025AC41EB8D3A600EECC23 /* Main.storyboard in Resources */,
			);
			runOnlyForDeploymentPostprocessing = 0;
		};
/* End PBXResourcesBuildPhase section */

/* Begin PBXSourcesBuildPhase section */
		CD025AB71EB8D3A600EECC23 /* Sources */ = {
			isa = PBXSourcesBuildPhase;
			buildActionMask = 2147483647;
			files = (
				CD025AC11EB8D3A600EECC23 /* ViewController.swift in Sources */,
				CD025ABF1EB8D3A600EECC23 /* AppDelegate.swift in Sources */,
			);
			runOnlyForDeploymentPostprocessing = 0;
		};
/* End PBXSourcesBuildPhase section */

/* Begin PBXVariantGroup section */
		CD025AC21EB8D3A600EECC23 /* Main.storyboard */ = {
			isa = PBXVariantGroup;
			children = (
				CD025AC31EB8D3A600EECC23 /* Base */,
			);
			name = Main.storyboard;
			sourceTree = "<group>";
		};
		CD025AC71EB8D3A600EECC23 /* LaunchScreen.storyboard */ = {
			isa = PBXVariantGroup;
			children = (
				CD025AC81EB8D3A600EECC23 /* Base */,
			);
			name = LaunchScreen.storyboard;
			sourceTree = "<group>";
		};
/* End PBXVariantGroup section */

/* Begin XCBuildConfiguration section */
		CD025ACB1EB8D3A600EECC23 /* Debug */ = {
			isa = XCBuildConfiguration;
			buildSettings = {
				ALWAYS_SEARCH_USER_PATHS = NO;
				CLANG_ANALYZER_NONNULL = YES;
				CLANG_ANALYZER_NUMBER_OBJECT_CONVERSION = YES_AGGRESSIVE;
				CLANG_CXX_LANGUAGE_STANDARD = "gnu++0x";
				CLANG_CXX_LIBRARY = "libc++";
				CLANG_ENABLE_MODULES = YES;
				CLANG_ENABLE_OBJC_ARC = YES;
				CLANG_WARN_BOOL_CONVERSION = YES;
				CLANG_WARN_CONSTANT_CONVERSION = YES;
				CLANG_WARN_DIRECT_OBJC_ISA_USAGE = YES_ERROR;
				CLANG_WARN_DOCUMENTATION_COMMENTS = YES;
				CLANG_WARN_EMPTY_BODY = YES;
				CLANG_WARN_ENUM_CONVERSION = YES;
				CLANG_WARN_INFINITE_RECURSION = YES;
				CLANG_WARN_INT_CONVERSION = YES;
				CLANG_WARN_OBJC_ROOT_CLASS = YES_ERROR;
				CLANG_WARN_SUSPICIOUS_MOVE = YES;
				CLANG_WARN_UNREACHABLE_CODE = YES;
				CLANG_WARN__DUPLICATE_METHOD_MATCH = YES;
				"CODE_SIGN_IDENTITY[sdk=iphoneos*]" = "iPhone Developer";
				COPY_PHASE_STRIP = NO;
				DEBUG_INFORMATION_FORMAT = dwarf;
				ENABLE_STRICT_OBJC_MSGSEND = YES;
				ENABLE_TESTABILITY = YES;
				GCC_C_LANGUAGE_STANDARD = gnu99;
				GCC_DYNAMIC_NO_PIC = NO;
				GCC_NO_COMMON_BLOCKS = YES;
				GCC_OPTIMIZATION_LEVEL = 0;
				GCC_PREPROCESSOR_DEFINITIONS = (
					"DEBUG=1",
					"$(inherited)",
				);
				GCC_WARN_64_TO_32_BIT_CONVERSION = YES;
				GCC_WARN_ABOUT_RETURN_TYPE = YES_ERROR;
				GCC_WARN_UNDECLARED_SELECTOR = YES;
				GCC_WARN_UNINITIALIZED_AUTOS = YES_AGGRESSIVE;
				GCC_WARN_UNUSED_FUNCTION = YES;
				GCC_WARN_UNUSED_VARIABLE = YES;
				IPHONEOS_DEPLOYMENT_TARGET = 10.3;
				MTL_ENABLE_DEBUG_INFO = YES;
				ONLY_ACTIVE_ARCH = YES;
				SDKROOT = iphoneos;
				SWIFT_ACTIVE_COMPILATION_CONDITIONS = DEBUG;
				SWIFT_OPTIMIZATION_LEVEL = "-Onone";
			};
			name = Debug;
		};
		CD025ACC1EB8D3A600EECC23 /* Release */ = {
			isa = XCBuildConfiguration;
			buildSettings = {
				ALWAYS_SEARCH_USER_PATHS = NO;
				CLANG_ANALYZER_NONNULL = YES;
				CLANG_ANALYZER_NUMBER_OBJECT_CONVERSION = YES_AGGRESSIVE;
				CLANG_CXX_LANGUAGE_STANDARD = "gnu++0x";
				CLANG_CXX_LIBRARY = "libc++";
				CLANG_ENABLE_MODULES = YES;
				CLANG_ENABLE_OBJC_ARC = YES;
				CLANG_WARN_BOOL_CONVERSION = YES;
				CLANG_WARN_CONSTANT_CONVERSION = YES;
				CLANG_WARN_DIRECT_OBJC_ISA_USAGE = YES_ERROR;
				CLANG_WARN_DOCUMENTATION_COMMENTS = YES;
				CLANG_WARN_EMPTY_BODY = YES;
				CLANG_WARN_ENUM_CONVERSION = YES;
				CLANG_WARN_INFINITE_RECURSION = YES;
				CLANG_WARN_INT_CONVERSION = YES;
				CLANG_WARN_OBJC_ROOT_CLASS = YES_ERROR;
				CLANG_WARN_SUSPICIOUS_MOVE = YES;
				CLANG_WARN_UNREACHABLE_CODE = YES;
				CLANG_WARN__DUPLICATE_METHOD_MATCH = YES;
				"CODE_SIGN_IDENTITY[sdk=iphoneos*]" = "iPhone Developer";
				COPY_PHASE_STRIP = NO;
				DEBUG_INFORMATION_FORMAT = "dwarf-with-dsym";
				ENABLE_NS_ASSERTIONS = NO;
				ENABLE_STRICT_OBJC_MSGSEND = YES;
				GCC_C_LANGUAGE_STANDARD = gnu99;
				GCC_NO_COMMON_BLOCKS = YES;
				GCC_WARN_64_TO_32_BIT_CONVERSION = YES;
				GCC_WARN_ABOUT_RETURN_TYPE = YES_ERROR;
				GCC_WARN_UNDECLARED_SELECTOR = YES;
				GCC_WARN_UNINITIALIZED_AUTOS = YES_AGGRESSIVE;
				GCC_WARN_UNUSED_FUNCTION = YES;
				GCC_WARN_UNUSED_VARIABLE = YES;
				IPHONEOS_DEPLOYMENT_TARGET = 10.3;
				MTL_ENABLE_DEBUG_INFO = NO;
				SDKROOT = iphoneos;
				SWIFT_OPTIMIZATION_LEVEL = "-Owholemodule";
				VALIDATE_PRODUCT = YES;
			};
			name = Release;
		};
		CD025ACE1EB8D3A600EECC23 /* Debug */ = {
			isa = XCBuildConfiguration;
			buildSettings = {
				ASSETCATALOG_COMPILER_APPICON_NAME = AppIcon;
				DEVELOPMENT_TEAM = CA27EBDQ94;
				INFOPLIST_FILE = YoutubeClone/Info.plist;
				LD_RUNPATH_SEARCH_PATHS = "$(inherited) @executable_path/Frameworks";
				PRODUCT_BUNDLE_IDENTIFIER = Pranav.YoutubeClone;
				PRODUCT_NAME = "$(TARGET_NAME)";
				SWIFT_VERSION = 3.0;
			};
			name = Debug;
		};
		CD025ACF1EB8D3A600EECC23 /* Release */ = {
			isa = XCBuildConfiguration;
			buildSettings = {
				ASSETCATALOG_COMPILER_APPICON_NAME = AppIcon;
				DEVELOPMENT_TEAM = CA27EBDQ94;
				INFOPLIST_FILE = YoutubeClone/Info.plist;
				LD_RUNPATH_SEARCH_PATHS = "$(inherited) @executable_path/Frameworks";
				PRODUCT_BUNDLE_IDENTIFIER = Pranav.YoutubeClone;
				PRODUCT_NAME = "$(TARGET_NAME)";
				SWIFT_VERSION = 3.0;
			};
			name = Release;
		};
/* End XCBuildConfiguration section */

/* Begin XCConfigurationList section */
		CD025AB61EB8D3A600EECC23 /* Build configuration list for PBXProject "YoutubeClone" */ = {
			isa = XCConfigurationList;
			buildConfigurations = (
				CD025ACB1EB8D3A600EECC23 /* Debug */,
				CD025ACC1EB8D3A600EECC23 /* Release */,
			);
			defaultConfigurationIsVisible = 0;
			defaultConfigurationName = Release;
		};
		CD025ACD1EB8D3A600EECC23 /* Build configuration list for PBXNativeTarget "YoutubeClone" */ = {
			isa = XCConfigurationList;
			buildConfigurations = (
				CD025ACE1EB8D3A600EECC23 /* Debug */,
				CD025ACF1EB8D3A600EECC23 /* Release */,
			);
			defaultConfigurationIsVisible = 0;
		};
/* End XCConfigurationList section */
	};
	rootObject = CD025AB31EB8D3A600EECC23 /* Project object */;
}
